
Microsoft Visual Studio Solution File, Format Version 12.00
# Visual Studio Version 16
VisualStudioVersion = 16.0.30523.141
MinimumVisualStudioVersion = 10.0.40219.1
Project("{FAE04EC0-301F-11D3-BF4B-00C04F79EFBC}") = "pessoa-crud", "pessoa-crud\pessoa-crud.csproj", "{6E2AF78D-B284-4AF5-9F54-65351451C7BB}"
EndProject
Global
	GlobalSection(SolutionConfigurationPlatforms) = preSolution
		Debug|Any CPU = Debug|Any CPU
		Release|Any CPU = Release|Any CPU
	EndGlobalSection
	GlobalSection(ProjectConfigurationPlatforms) = postSolution
		{6E2AF78D-B284-4AF5-9F54-65351451C7BB}.Debug|Any CPU.ActiveCfg = Debug|Any CPU
		{6E2AF78D-B284-4AF5-9F54-65351451C7BB}.Debug|Any CPU.Build.0 = Debug|Any CPU
		{6E2AF78D-B284-4AF5-9F54-65351451C7BB}.Release|Any CPU.ActiveCfg = Release|Any CPU
		{6E2AF78D-B284-4AF5-9F54-65351451C7BB}.Release|Any CPU.Build.0 = Release|Any CPU
	EndGlobalSection
	GlobalSection(SolutionProperties) = preSolution
		HideSolutionNode = FALSE
	EndGlobalSection
	GlobalSection(ExtensibilityGlobals) = postSolution
		SolutionGuid = {AA6A5986-0493-48A9-8B63-E3995379B8CB}
	EndGlobalSection
EndGlobal
